
Microsoft Visual Studio Solution File, Format Version 12.00
# Visual Studio 15
VisualStudioVersion = 15.0.28010.0
MinimumVisualStudioVersion = 10.0.40219.1
Project("{2150E333-8FDC-42A3-9474-1A3956D46DE8}") = "Solution Items", "Solution Items", "{0FF64787-80A6-4511-9A02-85004CAD646F}"
	ProjectSection(SolutionItems) = preProject
		build.bat = build.bat
		build.fsx = build.fsx
		paket.dependencies = paket.dependencies
	EndProjectSection
EndProject
Project("{2150E333-8FDC-42A3-9474-1A3956D46DE8}") = "Tests", "Tests", "{17951A7F-32F9-4EE1-B4F7-989F11468AF0}"
EndProject
Project("{FAE04EC0-301F-11D3-BF4B-00C04F79EFBC}") = "HelloWorld", "Tests\HelloWorld\HelloWorld.csproj", "{F32C73AC-4B90-4A68-B1BB-00BFDC7EDBA3}"
EndProject
Project("{FAE04EC0-301F-11D3-BF4B-00C04F79EFBC}") = "LoadViaReflection", "Tests\LoadViaReflection\LoadViaReflection.csproj", "{A5CFECB7-F360-43DB-BD42-2D76D2D3AE1C}"
EndProject
Project("{FAE04EC0-301F-11D3-BF4B-00C04F79EFBC}") = "ConfigurationSample", "Tests\ConfigurationSample\ConfigurationSample.csproj", "{7840530B-0045-4BDD-B2B4-656951818D44}"
EndProject
Project("{FAE04EC0-301F-11D3-BF4B-00C04F79EFBC}") = "MultiModuleMain", "Tests\MultiModuleMain\MultiModuleMain.csproj", "{B7D1CBF2-3093-44A3-8FEC-274F85939CDC}"
EndProject
Project("{FAE04EC0-301F-11D3-BF4B-00C04F79EFBC}") = "Module", "Tests\Module\Module.csproj", "{30A449CD-770A-4E4D-BA85-136659713F18}"
EndProject
Project("{FAE04EC0-301F-11D3-BF4B-00C04F79EFBC}") = "Simple64Bit", "Tests\Simple64Bit\Simple64Bit.csproj", "{8FBDBBF4-84F7-499E-B4AD-B45E0D8FF090}"
EndProject
Project("{FAE04EC0-301F-11D3-BF4B-00C04F79EFBC}") = "Simple32Bit", "Tests\Simple32Bit\Simple32Bit.csproj", "{EA080658-1723-4E95-B9DF-4258C87A7B56}"
EndProject
Project("{FAE04EC0-301F-11D3-BF4B-00C04F79EFBC}") = "SmtpClientCredentials", "Tests\SmtpClientCredentials\SmtpClientCredentials.csproj", "{A3D00235-363A-4568-B775-5AC7A87028D2}"
EndProject
Project("{F2A71F9B-5D33-465A-A702-920D77279786}") = "ES.Shed", "ES.Shed\ES.Shed.fsproj", "{16AAA4F1-36A2-437F-84DE-D6AE33EDB7D2}"
EndProject
Project("{F2A71F9B-5D33-465A-A702-920D77279786}") = "Shed", "Shed\Shed.fsproj", "{75C434F2-39C8-466E-9EE6-16ACA688F45B}"
EndProject
Project("{F2A71F9B-5D33-465A-A702-920D77279786}") = "TestRunner", "Tests\TestRunner\TestRunner.fsproj", "{F5DF3B3B-6202-4E8C-8D1E-82C220E997B2}"
EndProject
Project("{2150E333-8FDC-42A3-9474-1A3956D46DE8}") = "Thirdpart", "Thirdpart", "{18F30AEE-FCE6-47F4-818E-01024C3A6562}"
EndProject
Project("{FAE04EC0-301F-11D3-BF4B-00C04F79EFBC}") = "mdbg", "Thirdpart\MDbg Sample\debugger\mdbg\mdbg.csproj", "{3B74B180-0805-4D5E-B18B-6BEF44C54F7B}"
EndProject
Project("{FAE04EC0-301F-11D3-BF4B-00C04F79EFBC}") = "mdbgeng", "Thirdpart\MDbg Sample\debugger\mdbgeng\mdbgeng.csproj", "{634B90A2-0344-44C5-83F0-06180B2FDA05}"
EndProject
Project("{FAE04EC0-301F-11D3-BF4B-00C04F79EFBC}") = "corapi", "Thirdpart\MDbg Sample\debugger\corapi\corapi.csproj", "{04EF9865-E1B1-403D-802B-E4FAEA50A634}"
EndProject
Project("{FAE04EC0-301F-11D3-BF4B-00C04F79EFBC}") = "NativeDebugWrappers", "Thirdpart\MDbg Sample\debugger\NativeDebugWrappers\NativeDebugWrappers.csproj", "{3991AB6C-468B-4C28-95FC-3188CFB34180}"
EndProject
Project("{FAE04EC0-301F-11D3-BF4B-00C04F79EFBC}") = "raw", "Thirdpart\MDbg Sample\debugger\raw\raw.csproj", "{C18D303B-2C55-43EB-A3DF-39CF3FB1D447}"
EndProject
Project("{FAE04EC0-301F-11D3-BF4B-00C04F79EFBC}") = "mdbgext", "Thirdpart\MDbg Sample\debugger\mdbgext\mdbgext.csproj", "{1511F9E6-6AC4-4F3F-863D-3430469A7335}"
EndProject
Global
	GlobalSection(SolutionConfigurationPlatforms) = preSolution
		Debug|Any CPU = Debug|Any CPU
		Release|Any CPU = Release|Any CPU
	EndGlobalSection
	GlobalSection(ProjectConfigurationPlatforms) = postSolution
		{F32C73AC-4B90-4A68-B1BB-00BFDC7EDBA3}.Debug|Any CPU.ActiveCfg = Debug|Any CPU
		{F32C73AC-4B90-4A68-B1BB-00BFDC7EDBA3}.Debug|Any CPU.Build.0 = Debug|Any CPU
		{F32C73AC-4B90-4A68-B1BB-00BFDC7EDBA3}.Release|Any CPU.ActiveCfg = Release|Any CPU
		{F32C73AC-4B90-4A68-B1BB-00BFDC7EDBA3}.Release|Any CPU.Build.0 = Release|Any CPU
		{A5CFECB7-F360-43DB-BD42-2D76D2D3AE1C}.Debug|Any CPU.ActiveCfg = Debug|Any CPU
		{A5CFECB7-F360-43DB-BD42-2D76D2D3AE1C}.Debug|Any CPU.Build.0 = Debug|Any CPU
		{A5CFECB7-F360-43DB-BD42-2D76D2D3AE1C}.Release|Any CPU.ActiveCfg = Release|Any CPU
		{A5CFECB7-F360-43DB-BD42-2D76D2D3AE1C}.Release|Any CPU.Build.0 = Release|Any CPU
		{7840530B-0045-4BDD-B2B4-656951818D44}.Debug|Any CPU.ActiveCfg = Debug|Any CPU
		{7840530B-0045-4BDD-B2B4-656951818D44}.Debug|Any CPU.Build.0 = Debug|Any CPU
		{7840530B-0045-4BDD-B2B4-656951818D44}.Release|Any CPU.ActiveCfg = Release|Any CPU
		{7840530B-0045-4BDD-B2B4-656951818D44}.Release|Any CPU.Build.0 = Release|Any CPU
		{B7D1CBF2-3093-44A3-8FEC-274F85939CDC}.Debug|Any CPU.ActiveCfg = Debug|Any CPU
		{B7D1CBF2-3093-44A3-8FEC-274F85939CDC}.Debug|Any CPU.Build.0 = Debug|Any CPU
		{B7D1CBF2-3093-44A3-8FEC-274F85939CDC}.Release|Any CPU.ActiveCfg = Release|Any CPU
		{B7D1CBF2-3093-44A3-8FEC-274F85939CDC}.Release|Any CPU.Build.0 = Release|Any CPU
		{30A449CD-770A-4E4D-BA85-136659713F18}.Debug|Any CPU.ActiveCfg = Debug|Any CPU
		{30A449CD-770A-4E4D-BA85-136659713F18}.Debug|Any CPU.Build.0 = Debug|Any CPU
		{30A449CD-770A-4E4D-BA85-136659713F18}.Release|Any CPU.ActiveCfg = Release|Any CPU
		{30A449CD-770A-4E4D-BA85-136659713F18}.Release|Any CPU.Build.0 = Release|Any CPU
		{8FBDBBF4-84F7-499E-B4AD-B45E0D8FF090}.Debug|Any CPU.ActiveCfg = Debug|Any CPU
		{8FBDBBF4-84F7-499E-B4AD-B45E0D8FF090}.Debug|Any CPU.Build.0 = Debug|Any CPU
		{8FBDBBF4-84F7-499E-B4AD-B45E0D8FF090}.Release|Any CPU.ActiveCfg = Release|Any CPU
		{8FBDBBF4-84F7-499E-B4AD-B45E0D8FF090}.Release|Any CPU.Build.0 = Release|Any CPU
		{EA080658-1723-4E95-B9DF-4258C87A7B56}.Debug|Any CPU.ActiveCfg = Debug|Any CPU
		{EA080658-1723-4E95-B9DF-4258C87A7B56}.Debug|Any CPU.Build.0 = Debug|Any CPU
		{EA080658-1723-4E95-B9DF-4258C87A7B56}.Release|Any CPU.ActiveCfg = Release|Any CPU
		{EA080658-1723-4E95-B9DF-4258C87A7B56}.Release|Any CPU.Build.0 = Release|Any CPU
		{A3D00235-363A-4568-B775-5AC7A87028D2}.Debug|Any CPU.ActiveCfg = Debug|Any CPU
		{A3D00235-363A-4568-B775-5AC7A87028D2}.Debug|Any CPU.Build.0 = Debug|Any CPU
		{A3D00235-363A-4568-B775-5AC7A87028D2}.Release|Any CPU.ActiveCfg = Release|Any CPU
		{A3D00235-363A-4568-B775-5AC7A87028D2}.Release|Any CPU.Build.0 = Release|Any CPU
		{16AAA4F1-36A2-437F-84DE-D6AE33EDB7D2}.Debug|Any CPU.ActiveCfg = Debug|Any CPU
		{16AAA4F1-36A2-437F-84DE-D6AE33EDB7D2}.Debug|Any CPU.Build.0 = Debug|Any CPU
		{16AAA4F1-36A2-437F-84DE-D6AE33EDB7D2}.Release|Any CPU.ActiveCfg = Release|Any CPU
		{16AAA4F1-36A2-437F-84DE-D6AE33EDB7D2}.Release|Any CPU.Build.0 = Release|Any CPU
		{75C434F2-39C8-466E-9EE6-16ACA688F45B}.Debug|Any CPU.ActiveCfg = Debug|Any CPU
		{75C434F2-39C8-466E-9EE6-16ACA688F45B}.Debug|Any CPU.Build.0 = Debug|Any CPU
		{75C434F2-39C8-466E-9EE6-16ACA688F45B}.Release|Any CPU.ActiveCfg = Release|Any CPU
		{75C434F2-39C8-466E-9EE6-16ACA688F45B}.Release|Any CPU.Build.0 = Release|Any CPU
		{F5DF3B3B-6202-4E8C-8D1E-82C220E997B2}.Debug|Any CPU.ActiveCfg = Debug|Any CPU
		{F5DF3B3B-6202-4E8C-8D1E-82C220E997B2}.Debug|Any CPU.Build.0 = Debug|Any CPU
		{F5DF3B3B-6202-4E8C-8D1E-82C220E997B2}.Release|Any CPU.ActiveCfg = Release|Any CPU
		{F5DF3B3B-6202-4E8C-8D1E-82C220E997B2}.Release|Any CPU.Build.0 = Release|Any CPU
		{3B74B180-0805-4D5E-B18B-6BEF44C54F7B}.Debug|Any CPU.ActiveCfg = Debug|Any CPU
		{3B74B180-0805-4D5E-B18B-6BEF44C54F7B}.Debug|Any CPU.Build.0 = Debug|Any CPU
		{3B74B180-0805-4D5E-B18B-6BEF44C54F7B}.Release|Any CPU.ActiveCfg = Release|Any CPU
		{3B74B180-0805-4D5E-B18B-6BEF44C54F7B}.Release|Any CPU.Build.0 = Release|Any CPU
		{634B90A2-0344-44C5-83F0-06180B2FDA05}.Debug|Any CPU.ActiveCfg = Debug|Any CPU
		{634B90A2-0344-44C5-83F0-06180B2FDA05}.Debug|Any CPU.Build.0 = Debug|Any CPU
		{634B90A2-0344-44C5-83F0-06180B2FDA05}.Release|Any CPU.ActiveCfg = Release|Any CPU
		{634B90A2-0344-44C5-83F0-06180B2FDA05}.Release|Any CPU.Build.0 = Release|Any CPU
		{04EF9865-E1B1-403D-802B-E4FAEA50A634}.Debug|Any CPU.ActiveCfg = Debug|Any CPU
		{04EF9865-E1B1-403D-802B-E4FAEA50A634}.Debug|Any CPU.Build.0 = Debug|Any CPU
		{04EF9865-E1B1-403D-802B-E4FAEA50A634}.Release|Any CPU.ActiveCfg = Release|Any CPU
		{04EF9865-E1B1-403D-802B-E4FAEA50A634}.Release|Any CPU.Build.0 = Release|Any CPU
		{3991AB6C-468B-4C28-95FC-3188CFB34180}.Debug|Any CPU.ActiveCfg = Debug|Any CPU
		{3991AB6C-468B-4C28-95FC-3188CFB34180}.Debug|Any CPU.Build.0 = Debug|Any CPU
		{3991AB6C-468B-4C28-95FC-3188CFB34180}.Release|Any CPU.ActiveCfg = Release|Any CPU
		{3991AB6C-468B-4C28-95FC-3188CFB34180}.Release|Any CPU.Build.0 = Release|Any CPU
		{C18D303B-2C55-43EB-A3DF-39CF3FB1D447}.Debug|Any CPU.ActiveCfg = Debug|Any CPU
		{C18D303B-2C55-43EB-A3DF-39CF3FB1D447}.Debug|Any CPU.Build.0 = Debug|Any CPU
		{C18D303B-2C55-43EB-A3DF-39CF3FB1D447}.Release|Any CPU.ActiveCfg = Release|Any CPU
		{C18D303B-2C55-43EB-A3DF-39CF3FB1D447}.Release|Any CPU.Build.0 = Release|Any CPU
		{1511F9E6-6AC4-4F3F-863D-3430469A7335}.Debug|Any CPU.ActiveCfg = Debug|Any CPU
		{1511F9E6-6AC4-4F3F-863D-3430469A7335}.Debug|Any CPU.Build.0 = Debug|Any CPU
		{1511F9E6-6AC4-4F3F-863D-3430469A7335}.Release|Any CPU.ActiveCfg = Release|Any CPU
		{1511F9E6-6AC4-4F3F-863D-3430469A7335}.Release|Any CPU.Build.0 = Release|Any CPU
	EndGlobalSection
	GlobalSection(SolutionProperties) = preSolution
		HideSolutionNode = FALSE
	EndGlobalSection
	GlobalSection(NestedProjects) = preSolution
		{F32C73AC-4B90-4A68-B1BB-00BFDC7EDBA3} = {17951A7F-32F9-4EE1-B4F7-989F11468AF0}
		{A5CFECB7-F360-43DB-BD42-2D76D2D3AE1C} = {17951A7F-32F9-4EE1-B4F7-989F11468AF0}
		{7840530B-0045-4BDD-B2B4-656951818D44} = {17951A7F-32F9-4EE1-B4F7-989F11468AF0}
		{B7D1CBF2-3093-44A3-8FEC-274F85939CDC} = {17951A7F-32F9-4EE1-B4F7-989F11468AF0}
		{30A449CD-770A-4E4D-BA85-136659713F18} = {17951A7F-32F9-4EE1-B4F7-989F11468AF0}
		{8FBDBBF4-84F7-499E-B4AD-B45E0D8FF090} = {17951A7F-32F9-4EE1-B4F7-989F11468AF0}
		{EA080658-1723-4E95-B9DF-4258C87A7B56} = {17951A7F-32F9-4EE1-B4F7-989F11468AF0}
		{A3D00235-363A-4568-B775-5AC7A87028D2} = {17951A7F-32F9-4EE1-B4F7-989F11468AF0}
		{F5DF3B3B-6202-4E8C-8D1E-82C220E997B2} = {17951A7F-32F9-4EE1-B4F7-989F11468AF0}
		{3B74B180-0805-4D5E-B18B-6BEF44C54F7B} = {18F30AEE-FCE6-47F4-818E-01024C3A6562}
		{634B90A2-0344-44C5-83F0-06180B2FDA05} = {18F30AEE-FCE6-47F4-818E-01024C3A6562}
		{04EF9865-E1B1-403D-802B-E4FAEA50A634} = {18F30AEE-FCE6-47F4-818E-01024C3A6562}
		{3991AB6C-468B-4C28-95FC-3188CFB34180} = {18F30AEE-FCE6-47F4-818E-01024C3A6562}
		{C18D303B-2C55-43EB-A3DF-39CF3FB1D447} = {18F30AEE-FCE6-47F4-818E-01024C3A6562}
		{1511F9E6-6AC4-4F3F-863D-3430469A7335} = {18F30AEE-FCE6-47F4-818E-01024C3A6562}
	EndGlobalSection
	GlobalSection(ExtensibilityGlobals) = postSolution
		SolutionGuid = {678F7046-7B4C-4B9B-A695-85CC790AED5B}
	EndGlobalSection
EndGlobal
